{
  "name": "cse216-2023fa-team-25",
  "version": "1.0.0",
  "lockfileVersion": 3,
  "requires": true,
  "packages": {
    "": {
      "name": "cse216-2023fa-team-25",
      "version": "1.0.0",
      "license": "ISC",
      "dependencies": {
        "jasmine-core": "^5.1.1",
        "typescript": "^5.2.2"
      }
    },
    "node_modules/jasmine-core": {
      "version": "5.1.1",
      "resolved": "https://registry.npmjs.org/jasmine-core/-/jasmine-core-5.1.1.tgz",
      "integrity": "sha512-UrzO3fL7nnxlQXlvTynNAenL+21oUQRlzqQFsA2U11ryb4+NLOCOePZ70PTojEaUKhiFugh7dG0Q+I58xlPdWg=="
    },
    "node_modules/typescript": {
      "version": "5.2.2",
      "resolved": "https://registry.npmjs.org/typescript/-/typescript-5.2.2.tgz",
      "integrity": "sha512-mI4WrpHsbCIcwT9cF4FZvr80QUeKvsUsUvKDoR+X/7XHQH98xYD8YHZg7ANtz2GtZt/CBq2QJ0thkGJMHfqc1w==",
      "bin": {
        "tsc": "bin/tsc",
        "tsserver": "bin/tsserver"
      },
      "engines": {
        "node": ">=14.17"
      }
    }
  }
}
